
Microsoft Visual Studio Solution File, Format Version 12.00
Project("{FAE04EC0-301F-11D3-BF4B-00C04F79EFBC}") = "A", "A\A.csproj", "{4EFC6E1A-5243-4A2E-BA17-00C1C0B2E31D}"
EndProject
Project("{2150E333-8FDC-42A3-9474-1A3956D46DE8}") = "SolutionFolder1", "SolutionFolder1", "{9FA1B3F4-83EA-403C-A2AC-AA0EC1314217}"
EndProject
Project("{FAE04EC0-301F-11D3-BF4B-00C04F79EFBC}") = "B", "B\B.csproj", "{4D141655-6AD3-4FFB-9AB3-A66CD7329100}"
EndProject
Project("{FAE04EC0-301F-11D3-BF4B-00C04F79EFBC}") = "C", "C\C.csproj", "{8214AD28-1195-430D-8EE1-1792C6835AF1}"
EndProject
Project("{FAE04EC0-301F-11D3-BF4B-00C04F79EFBC}") = "D", "D\D.csproj", "{6AB7BCE6-4DED-49AC-BACB-1A4DECF318FC}"
EndProject
Project("{FAE04EC0-301F-11D3-BF4B-00C04F79EFBC}") = "E", "E\E.csproj", "{5DEF0333-896A-4FCE-9EF1-D1AF59B17BC5}"
EndProject
Project("{FAE04EC0-301F-11D3-BF4B-00C04F79EFBC}") = "F", "F\F.csproj", "{8649D938-738F-4F4A-8FA9-5688BFBE446A}"
EndProject
Global
	GlobalSection(SolutionConfigurationPlatforms) = preSolution
		Debug|Any CPU = Debug|Any CPU
		Release|Any CPU = Release|Any CPU
	EndGlobalSection
	GlobalSection(ProjectConfigurationPlatforms) = postSolution
		{4EFC6E1A-5243-4A2E-BA17-00C1C0B2E31D}.Debug|Any CPU.ActiveCfg = Debug|Any CPU
		{4EFC6E1A-5243-4A2E-BA17-00C1C0B2E31D}.Debug|Any CPU.Build.0 = Debug|Any CPU
		{4EFC6E1A-5243-4A2E-BA17-00C1C0B2E31D}.Release|Any CPU.ActiveCfg = Release|Any CPU
		{4EFC6E1A-5243-4A2E-BA17-00C1C0B2E31D}.Release|Any CPU.Build.0 = Release|Any CPU
		{4D141655-6AD3-4FFB-9AB3-A66CD7329100}.Debug|Any CPU.ActiveCfg = Debug|Any CPU
		{4D141655-6AD3-4FFB-9AB3-A66CD7329100}.Debug|Any CPU.Build.0 = Debug|Any CPU
		{4D141655-6AD3-4FFB-9AB3-A66CD7329100}.Release|Any CPU.ActiveCfg = Release|Any CPU
		{4D141655-6AD3-4FFB-9AB3-A66CD7329100}.Release|Any CPU.Build.0 = Release|Any CPU
		{8214AD28-1195-430D-8EE1-1792C6835AF1}.Debug|Any CPU.ActiveCfg = Debug|Any CPU
		{8214AD28-1195-430D-8EE1-1792C6835AF1}.Debug|Any CPU.Build.0 = Debug|Any CPU
		{8214AD28-1195-430D-8EE1-1792C6835AF1}.Release|Any CPU.ActiveCfg = Release|Any CPU
		{8214AD28-1195-430D-8EE1-1792C6835AF1}.Release|Any CPU.Build.0 = Release|Any CPU
		{6AB7BCE6-4DED-49AC-BACB-1A4DECF318FC}.Debug|Any CPU.ActiveCfg = Debug|Any CPU
		{6AB7BCE6-4DED-49AC-BACB-1A4DECF318FC}.Debug|Any CPU.Build.0 = Debug|Any CPU
		{6AB7BCE6-4DED-49AC-BACB-1A4DECF318FC}.Release|Any CPU.ActiveCfg = Release|Any CPU
		{6AB7BCE6-4DED-49AC-BACB-1A4DECF318FC}.Release|Any CPU.Build.0 = Release|Any CPU
		{5DEF0333-896A-4FCE-9EF1-D1AF59B17BC5}.Debug|Any CPU.ActiveCfg = Debug|Any CPU
		{5DEF0333-896A-4FCE-9EF1-D1AF59B17BC5}.Debug|Any CPU.Build.0 = Debug|Any CPU
		{5DEF0333-896A-4FCE-9EF1-D1AF59B17BC5}.Release|Any CPU.ActiveCfg = Release|Any CPU
		{5DEF0333-896A-4FCE-9EF1-D1AF59B17BC5}.Release|Any CPU.Build.0 = Release|Any CPU
		{8649D938-738F-4F4A-8FA9-5688BFBE446A}.Debug|Any CPU.ActiveCfg = Debug|Any CPU
		{8649D938-738F-4F4A-8FA9-5688BFBE446A}.Debug|Any CPU.Build.0 = Debug|Any CPU
		{8649D938-738F-4F4A-8FA9-5688BFBE446A}.Release|Any CPU.ActiveCfg = Release|Any CPU
		{8649D938-738F-4F4A-8FA9-5688BFBE446A}.Release|Any CPU.Build.0 = Release|Any CPU
	EndGlobalSection
	GlobalSection(NestedProjects) = preSolution
		{4D141655-6AD3-4FFB-9AB3-A66CD7329100} = {9FA1B3F4-83EA-403C-A2AC-AA0EC1314217}
		{8214AD28-1195-430D-8EE1-1792C6835AF1} = {9FA1B3F4-83EA-403C-A2AC-AA0EC1314217}
		{4EFC6E1A-5243-4A2E-BA17-00C1C0B2E31D} = {9FA1B3F4-83EA-403C-A2AC-AA0EC1314217}
		{6AB7BCE6-4DED-49AC-BACB-1A4DECF318FC} = {9FA1B3F4-83EA-403C-A2AC-AA0EC1314217}
		{5DEF0333-896A-4FCE-9EF1-D1AF59B17BC5} = {9FA1B3F4-83EA-403C-A2AC-AA0EC1314217}
		{8649D938-738F-4F4A-8FA9-5688BFBE446A} = {9FA1B3F4-83EA-403C-A2AC-AA0EC1314217}
	EndGlobalSection
EndGlobal
